
Microsoft Visual Studio Solution File, Format Version 12.00
# Visual Studio Version 16
VisualStudioVersion = 16.0.30517.126
MinimumVisualStudioVersion = 10.0.40219.1
Project("{FAE04EC0-301F-11D3-BF4B-00C04F79EFBC}") = "HandsOnActivity01", "HandsOnActivity01\HandsOnActivity01.csproj", "{78AF59B1-35F9-44CD-89BE-7CBE7405A873}"
EndProject
Global
	GlobalSection(SolutionConfigurationPlatforms) = preSolution
		Debug|Any CPU = Debug|Any CPU
		Release|Any CPU = Release|Any CPU
	EndGlobalSection
	GlobalSection(ProjectConfigurationPlatforms) = postSolution
		{78AF59B1-35F9-44CD-89BE-7CBE7405A873}.Debug|Any CPU.ActiveCfg = Debug|Any CPU
		{78AF59B1-35F9-44CD-89BE-7CBE7405A873}.Debug|Any CPU.Build.0 = Debug|Any CPU
		{78AF59B1-35F9-44CD-89BE-7CBE7405A873}.Release|Any CPU.ActiveCfg = Release|Any CPU
		{78AF59B1-35F9-44CD-89BE-7CBE7405A873}.Release|Any CPU.Build.0 = Release|Any CPU
	EndGlobalSection
	GlobalSection(SolutionProperties) = preSolution
		HideSolutionNode = FALSE
	EndGlobalSection
	GlobalSection(ExtensibilityGlobals) = postSolution
		SolutionGuid = {D79351E6-614E-43A4-ACD1-126D6D26246B}
	EndGlobalSection
EndGlobal
